
Microsoft Visual Studio Solution File, Format Version 12.00
# Visual Studio Version 17
VisualStudioVersion = 17.8.34330.188
MinimumVisualStudioVersion = 10.0.40219.1
Project("{FAE04EC0-301F-11D3-BF4B-00C04F79EFBC}") = "ProjectLab.WebUI", "ProjectLab.WebUI\ProjectLab.WebUI.csproj", "{F96FFECF-75EA-465E-8A52-A0AAD15E3461}"
EndProject
Global
	GlobalSection(SolutionConfigurationPlatforms) = preSolution
		Debug|Any CPU = Debug|Any CPU
		Release|Any CPU = Release|Any CPU
	EndGlobalSection
	GlobalSection(ProjectConfigurationPlatforms) = postSolution
		{F96FFECF-75EA-465E-8A52-A0AAD15E3461}.Debug|Any CPU.ActiveCfg = Debug|Any CPU
		{F96FFECF-75EA-465E-8A52-A0AAD15E3461}.Debug|Any CPU.Build.0 = Debug|Any CPU
		{F96FFECF-75EA-465E-8A52-A0AAD15E3461}.Release|Any CPU.ActiveCfg = Release|Any CPU
		{F96FFECF-75EA-465E-8A52-A0AAD15E3461}.Release|Any CPU.Build.0 = Release|Any CPU
	EndGlobalSection
	GlobalSection(SolutionProperties) = preSolution
		HideSolutionNode = FALSE
	EndGlobalSection
	GlobalSection(ExtensibilityGlobals) = postSolution
		SolutionGuid = {439302FD-D7A6-4C14-B43F-7ADA3AEE224E}
	EndGlobalSection
EndGlobal
